Microsoft Visual Studio Solution File, Format Version 12.00
# Visual Studio Version 17
VisualStudioVersion = 17.0.31903.59
MinimumVisualStudioVersion = 10.0.40219.1
Project("{FAE04EC0-301F-11D3-BF4B-00C04F79EFBC}") = "BugPro", "BugPro\BugPro.csproj", "{B97A1CE8-1D2F-4B57-915F-BCA06F1D4833}"
EndProject
Project("{FAE04EC0-301F-11D3-BF4B-00C04F79EFBC}") = "BugTests", "BugTests\BugTests.csproj", "{262BB970-40D8-4B89-A423-615CE07FC740}"
EndProject
Global
	GlobalSection(SolutionConfigurationPlatforms) = preSolution
		Debug|Any CPU = Debug|Any CPU
		Release|Any CPU = Release|Any CPU
	EndGlobalSection
	GlobalSection(ProjectConfigurationPlatforms) = postSolution
		{B97A1CE8-1D2F-4B57-915F-BCA06F1D4833}.Debug|Any CPU.ActiveCfg = Debug|Any CPU
		{B97A1CE8-1D2F-4B57-915F-BCA06F1D4833}.Debug|Any CPU.Build.0 = Debug|Any CPU
		{B97A1CE8-1D2F-4B57-915F-BCA06F1D4833}.Release|Any CPU.ActiveCfg = Release|Any CPU
		{B97A1CE8-1D2F-4B57-915F-BCA06F1D4833}.Release|Any CPU.Build.0 = Release|Any CPU
		{262BB970-40D8-4B89-A423-615CE07FC740}.Debug|Any CPU.ActiveCfg = Debug|Any CPU
		{262BB970-40D8-4B89-A423-615CE07FC740}.Debug|Any CPU.Build.0 = Debug|Any CPU
		{262BB970-40D8-4B89-A423-615CE07FC740}.Release|Any CPU.ActiveCfg = Release|Any CPU
		{262BB970-40D8-4B89-A423-615CE07FC740}.Release|Any CPU.Build.0 = Release|Any CPU
	EndGlobalSection
	GlobalSection(SolutionProperties) = preSolution
		HideSolutionNode = FALSE
	EndGlobalSection
EndGlobal